// !$*UTF8*$!
{
	archiveVersion = 1;
	classes = {
	};
	objectVersion = 46;
	objects = {

/* Begin PBXBuildFile section */
		8DFEAAA2232719FD002C66BD /* AppDelegate.swift in Sources */ = {isa = PBXBuildFile; fileRef = 8DFEAAA1232719FD002C66BD /* AppDelegate.swift */; };
		8DFEAAA4232719FD002C66BD /* ViewController.swift in Sources */ = {isa = PBXBuildFile; fileRef = 8DFEAAA3232719FD002C66BD /* ViewController.swift */; };
		8DFEAAA7232719FD002C66BD /* Main.storyboard in Resources */ = {isa = PBXBuildFile; fileRef = 8DFEAAA5232719FD002C66BD /* Main.storyboard */; };
		8DFEAAA9232719FD002C66BD /* Assets.xcassets in Resources */ = {isa = PBXBuildFile; fileRef = 8DFEAAA8232719FD002C66BD /* Assets.xcassets */; };
		8DFEAAAC232719FD002C66BD /* LaunchScreen.storyboard in Resources */ = {isa = PBXBuildFile; fileRef = 8DFEAAAA232719FD002C66BD /* LaunchScreen.storyboard */; };
		8DFEAAB5232806B9002C66BD /* BorderButton.swift in Sources */ = {isa = PBXBuildFile; fileRef = 8DFEAAB4232806B9002C66BD /* BorderButton.swift */; };
/* End PBXBuildFile section */

/* Begin PBXFileReference section */
		8DFEAA9E232719FD002C66BD /* app-swoosh.app */ = {isa = PBXFileReference; explicitFileType = wrapper.application; includeInIndex = 0; path = "app-swoosh.app"; sourceTree = BUILT_PRODUCTS_DIR; };
		8DFEAAA1232719FD002C66BD /* AppDelegate.swift */ = {isa = PBXFileReference; lastKnownFileType = sourcecode.swift; path = AppDelegate.swift; sourceTree = "<group>"; };
		8DFEAAA3232719FD002C66BD /* ViewController.swift */ = {isa = PBXFileReference; lastKnownFileType = sourcecode.swift; path = ViewController.swift; sourceTree = "<group>"; };
		8DFEAAA6232719FD002C66BD /* Base */ = {isa = PBXFileReference; lastKnownFileType = file.storyboard; name = Base; path = Base.lproj/Main.storyboard; sourceTree = "<group>"; };
		8DFEAAA8232719FD002C66BD /* Assets.xcassets */ = {isa = PBXFileReference; lastKnownFileType = folder.assetcatalog; path = Assets.xcassets; sourceTree = "<group>"; };
		8DFEAAAB232719FD002C66BD /* Base */ = {isa = PBXFileReference; lastKnownFileType = file.storyboard; name = Base; path = Base.lproj/LaunchScreen.storyboard; sourceTree = "<group>"; };
		8DFEAAAD232719FD002C66BD /* Info.plist */ = {isa = PBXFileReference; lastKnownFileType = text.plist.xml; path = Info.plist; sourceTree = "<group>"; };
		8DFEAAB4232806B9002C66BD /* BorderButton.swift */ = {isa = PBXFileReference; fileEncoding = 4; lastKnownFileType = sourcecode.swift; path = BorderButton.swift; sourceTree = "<group>"; };
/* End PBXFileReference section */

/* Begin PBXFrameworksBuildPhase section */
		8DFEAA9B232719FD002C66BD /* Frameworks */ = {
			isa = PBXFrameworksBuildPhase;
			buildActionMask = 2147483647;
			files = (
			);
			runOnlyForDeploymentPostprocessing = 0;
		};
/* End PBXFrameworksBuildPhase section */

/* Begin PBXGroup section */
		8DFEAA95232719FD002C66BD = {
			isa = PBXGroup;
			children = (
				8DFEAAA0232719FD002C66BD /* app-swoosh */,
				8DFEAA9F232719FD002C66BD /* Products */,
			);
			sourceTree = "<group>";
		};
		8DFEAA9F232719FD002C66BD /* Products */ = {
			isa = PBXGroup;
			children = (
				8DFEAA9E232719FD002C66BD /* app-swoosh.app */,
			);
			name = Products;
			sourceTree = "<group>";
		};
		8DFEAAA0232719FD002C66BD /* app-swoosh */ = {
			isa = PBXGroup;
			children = (
				8DFEAAB323280659002C66BD /* Views */,
				8DFEAAA1232719FD002C66BD /* AppDelegate.swift */,
				8DFEAAA3232719FD002C66BD /* ViewController.swift */,
				8DFEAAA5232719FD002C66BD /* Main.storyboard */,
				8DFEAAA8232719FD002C66BD /* Assets.xcassets */,
				8DFEAAAA232719FD002C66BD /* LaunchScreen.storyboard */,
				8DFEAAAD232719FD002C66BD /* Info.plist */,
			);
			path = "app-swoosh";
			sourceTree = "<group>";
		};
		8DFEAAB323280659002C66BD /* Views */ = {
			isa = PBXGroup;
			children = (
				8DFEAAB4232806B9002C66BD /* BorderButton.swift */,
			);
			name = Views;
			sourceTree = "<group>";
		};
/* End PBXGroup section */

/* Begin PBXNativeTarget section */
		8DFEAA9D232719FD002C66BD /* app-swoosh */ = {
			isa = PBXNativeTarget;
			buildConfigurationList = 8DFEAAB0232719FD002C66BD /* Build configuration list for PBXNativeTarget "app-swoosh" */;
			buildPhases = (
				8DFEAA9A232719FD002C66BD /* Sources */,
				8DFEAA9B232719FD002C66BD /* Frameworks */,
				8DFEAA9C232719FD002C66BD /* Resources */,
			);
			buildRules = (
			);
			dependencies = (
			);
			name = "app-swoosh";
			productName = "app-swoosh";
			productReference = 8DFEAA9E232719FD002C66BD /* app-swoosh.app */;
			productType = "com.apple.product-type.application";
		};
/* End PBXNativeTarget section */

/* Begin PBXProject section */
		8DFEAA96232719FD002C66BD /* Project object */ = {
			isa = PBXProject;
			attributes = {
				LastSwiftUpdateCheck = 0820;
				LastUpgradeCheck = 0820;
				ORGANIZATIONNAME = Myph;
				TargetAttributes = {
					8DFEAA9D232719FD002C66BD = {
						CreatedOnToolsVersion = 8.2.1;
						ProvisioningStyle = Automatic;
					};
				};
			};
			buildConfigurationList = 8DFEAA99232719FD002C66BD /* Build configuration list for PBXProject "app-swoosh" */;
			compatibilityVersion = "Xcode 3.2";
			developmentRegion = English;
			hasScannedForEncodings = 0;
			knownRegions = (
				en,
				Base,
			);
			mainGroup = 8DFEAA95232719FD002C66BD;
			productRefGroup = 8DFEAA9F232719FD002C66BD /* Products */;
			projectDirPath = "";
			projectRoot = "";
			targets = (
				8DFEAA9D232719FD002C66BD /* app-swoosh */,
			);
		};
/* End PBXProject section */

/* Begin PBXResourcesBuildPhase section */
		8DFEAA9C232719FD002C66BD /* Resources */ = {
			isa = PBXResourcesBuildPhase;
			buildActionMask = 2147483647;
			files = (
				8DFEAAAC232719FD002C66BD /* LaunchScreen.storyboard in Resources */,
				8DFEAAA9232719FD002C66BD /* Assets.xcassets in Resources */,
				8DFEAAA7232719FD002C66BD /* Main.storyboard in Resources */,
			);
			runOnlyForDeploymentPostprocessing = 0;
		};
/* End PBXResourcesBuildPhase section */

/* Begin PBXSourcesBuildPhase section */
		8DFEAA9A232719FD002C66BD /* Sources */ = {
			isa = PBXSourcesBuildPhase;
			buildActionMask = 2147483647;
			files = (
				8DFEAAA4232719FD002C66BD /* ViewController.swift in Sources */,
				8DFEAAA2232719FD002C66BD /* AppDelegate.swift in Sources */,
				8DFEAAB5232806B9002C66BD /* BorderButton.swift in Sources */,
			);
			runOnlyForDeploymentPostprocessing = 0;
		};
/* End PBXSourcesBuildPhase section */

/* Begin PBXVariantGroup section */
		8DFEAAA5232719FD002C66BD /* Main.storyboard */ = {
			isa = PBXVariantGroup;
			children = (
				8DFEAAA6232719FD002C66BD /* Base */,
			);
			name = Main.storyboard;
			sourceTree = "<group>";
		};
		8DFEAAAA232719FD002C66BD /* LaunchScreen.storyboard */ = {
			isa = PBXVariantGroup;
			children = (
				8DFEAAAB232719FD002C66BD /* Base */,
			);
			name = LaunchScreen.storyboard;
			sourceTree = "<group>";
		};
/* End PBXVariantGroup section */

/* Begin XCBuildConfiguration section */
		8DFEAAAE232719FD002C66BD /* Debug */ = {
			isa = XCBuildConfiguration;
			buildSettings = {
				ALWAYS_SEARCH_USER_PATHS = NO;
				CLANG_ANALYZER_NONNULL = YES;
				CLANG_CXX_LANGUAGE_STANDARD = "gnu++0x";
				CLANG_CXX_LIBRARY = "libc++";
				CLANG_ENABLE_MODULES = YES;
				CLANG_ENABLE_OBJC_ARC = YES;
				CLANG_WARN_BOOL_CONVERSION = YES;
				CLANG_WARN_CONSTANT_CONVERSION = YES;
				CLANG_WARN_DIRECT_OBJC_ISA_USAGE = YES_ERROR;
				CLANG_WARN_DOCUMENTATION_COMMENTS = YES;
				CLANG_WARN_EMPTY_BODY = YES;
				CLANG_WARN_ENUM_CONVERSION = YES;
				CLANG_WARN_INFINITE_RECURSION = YES;
				CLANG_WARN_INT_CONVERSION = YES;
				CLANG_WARN_OBJC_ROOT_CLASS = YES_ERROR;
				CLANG_WARN_SUSPICIOUS_MOVE = YES;
				CLANG_WARN_UNREACHABLE_CODE = YES;
				CLANG_WARN__DUPLICATE_METHOD_MATCH = YES;
				"CODE_SIGN_IDENTITY[sdk=iphoneos*]" = "iPhone Developer";
				COPY_PHASE_STRIP = NO;
				DEBUG_INFORMATION_FORMAT = dwarf;
				ENABLE_STRICT_OBJC_MSGSEND = YES;
				ENABLE_TESTABILITY = YES;
				GCC_C_LANGUAGE_STANDARD = gnu99;
				GCC_DYNAMIC_NO_PIC = NO;
				GCC_NO_COMMON_BLOCKS = YES;
				GCC_OPTIMIZATION_LEVEL = 0;
				GCC_PREPROCESSOR_DEFINITIONS = (
					"DEBUG=1",
					"$(inherited)",
				);
				GCC_WARN_64_TO_32_BIT_CONVERSION = YES;
				GCC_WARN_ABOUT_RETURN_TYPE = YES_ERROR;
				GCC_WARN_UNDECLARED_SELECTOR = YES;
				GCC_WARN_UNINITIALIZED_AUTOS = YES_AGGRESSIVE;
				GCC_WARN_UNUSED_FUNCTION = YES;
				GCC_WARN_UNUSED_VARIABLE = YES;
				IPHONEOS_DEPLOYMENT_TARGET = 10.2;
				MTL_ENABLE_DEBUG_INFO = YES;
				ONLY_ACTIVE_ARCH = YES;
				SDKROOT = iphoneos;
				SWIFT_ACTIVE_COMPILATION_CONDITIONS = DEBUG;
				SWIFT_OPTIMIZATION_LEVEL = "-Onone";
				TARGETED_DEVICE_FAMILY = "1,2";
			};
			name = Debug;
		};
		8DFEAAAF232719FD002C66BD /* Release */ = {
			isa = XCBuildConfiguration;
			buildSettings = {
				ALWAYS_SEARCH_USER_PATHS = NO;
				CLANG_ANALYZER_NONNULL = YES;
				CLANG_CXX_LANGUAGE_STANDARD = "gnu++0x";
				CLANG_CXX_LIBRARY = "libc++";
				CLANG_ENABLE_MODULES = YES;
				CLANG_ENABLE_OBJC_ARC = YES;
				CLANG_WARN_BOOL_CONVERSION = YES;
				CLANG_WARN_CONSTANT_CONVERSION = YES;
				CLANG_WARN_DIRECT_OBJC_ISA_USAGE = YES_ERROR;
				CLANG_WARN_DOCUMENTATION_COMMENTS = YES;
				CLANG_WARN_EMPTY_BODY = YES;
				CLANG_WARN_ENUM_CONVERSION = YES;
				CLANG_WARN_INFINITE_RECURSION = YES;
				CLANG_WARN_INT_CONVERSION = YES;
				CLANG_WARN_OBJC_ROOT_CLASS = YES_ERROR;
				CLANG_WARN_SUSPICIOUS_MOVE = YES;
				CLANG_WARN_UNREACHABLE_CODE = YES;
				CLANG_WARN__DUPLICATE_METHOD_MATCH = YES;
				"CODE_SIGN_IDENTITY[sdk=iphoneos*]" = "iPhone Developer";
				COPY_PHASE_STRIP = NO;
				DEBUG_INFORMATION_FORMAT = "dwarf-with-dsym";
				ENABLE_NS_ASSERTIONS = NO;
				ENABLE_STRICT_OBJC_MSGSEND = YES;
				GCC_C_LANGUAGE_STANDARD = gnu99;
				GCC_NO_COMMON_BLOCKS = YES;
				GCC_WARN_64_TO_32_BIT_CONVERSION = YES;
				GCC_WARN_ABOUT_RETURN_TYPE = YES_ERROR;
				GCC_WARN_UNDECLARED_SELECTOR = YES;
				GCC_WARN_UNINITIALIZED_AUTOS = YES_AGGRESSIVE;
				GCC_WARN_UNUSED_FUNCTION = YES;
				GCC_WARN_UNUSED_VARIABLE = YES;
				IPHONEOS_DEPLOYMENT_TARGET = 10.2;
				MTL_ENABLE_DEBUG_INFO = NO;
				SDKROOT = iphoneos;
				SWIFT_OPTIMIZATION_LEVEL = "-Owholemodule";
				TARGETED_DEVICE_FAMILY = "1,2";
				VALIDATE_PRODUCT = YES;
			};
			name = Release;
		};
		8DFEAAB1232719FD002C66BD /* Debug */ = {
			isa = XCBuildConfiguration;
			buildSettings = {
				ASSETCATALOG_COMPILER_APPICON_NAME = AppIcon;
				INFOPLIST_FILE = "app-swoosh/Info.plist";
				LD_RUNPATH_SEARCH_PATHS = "$(inherited) @executable_path/Frameworks";
				PRODUCT_BUNDLE_IDENTIFIER = "com.joy.app-swoosh";
				PRODUCT_NAME = "$(TARGET_NAME)";
				SWIFT_VERSION = 3.0;
			};
			name = Debug;
		};
		8DFEAAB2232719FD002C66BD /* Release */ = {
			isa = XCBuildConfiguration;
			buildSettings = {
				ASSETCATALOG_COMPILER_APPICON_NAME = AppIcon;
				INFOPLIST_FILE = "app-swoosh/Info.plist";
				LD_RUNPATH_SEARCH_PATHS = "$(inherited) @executable_path/Frameworks";
				PRODUCT_BUNDLE_IDENTIFIER = "com.joy.app-swoosh";
				PRODUCT_NAME = "$(TARGET_NAME)";
				SWIFT_VERSION = 3.0;
			};
			name = Release;
		};
/* End XCBuildConfiguration section */

/* Begin XCConfigurationList section */
		8DFEAA99232719FD002C66BD /* Build configuration list for PBXProject "app-swoosh" */ = {
			isa = XCConfigurationList;
			buildConfigurations = (
				8DFEAAAE232719FD002C66BD /* Debug */,
				8DFEAAAF232719FD002C66BD /* Release */,
			);
			defaultConfigurationIsVisible = 0;
			defaultConfigurationName = Release;
		};
		8DFEAAB0232719FD002C66BD /* Build configuration list for PBXNativeTarget "app-swoosh" */ = {
			isa = XCConfigurationList;
			buildConfigurations = (
				8DFEAAB1232719FD002C66BD /* Debug */,
				8DFEAAB2232719FD002C66BD /* Release */,
			);
			defaultConfigurationIsVisible = 0;
		};
/* End XCConfigurationList section */
	};
	rootObject = 8DFEAA96232719FD002C66BD /* Project object */;
}
